
Microsoft Visual Studio Solution File, Format Version 11.00
# Visual Studio 2010
# SharpDevelop 5.1
Project("{FAE04EC0-301F-11D3-BF4B-00C04F79EFBC}") = "DotLiquidExtends", "DotLiquidExtends\DotLiquidExtends.csproj", "{91ED20E5-6D04-47DB-B275-515132BAD862}"
EndProject
Project("{FAE04EC0-301F-11D3-BF4B-00C04F79EFBC}") = "ModelBinding", "ModelBinding\ModelBinding.csproj", "{FD07D62A-A753-4F3D-8195-59F78BE85059}"
EndProject
Project("{FAE04EC0-301F-11D3-BF4B-00C04F79EFBC}") = "dotLiquidSort", "dotLiquidSort\dotLiquidSort.csproj", "{04E9ADD7-EC4F-40B8-AB58-1964CF2E1367}"
EndProject
Project("{FAE04EC0-301F-11D3-BF4B-00C04F79EFBC}") = "tinyIocTest", "tinyIocTest\tinyIocTest.csproj", "{1592D3E1-60D8-4816-B027-155C6C7F0D49}"
EndProject
Project("{FAE04EC0-301F-11D3-BF4B-00C04F79EFBC}") = "DataExchangeService", "DataExchangeService\DataExchangeService.csproj", "{8A3F4554-65F4-4AD6-A460-9E508E84EBF4}"
EndProject
Project("{FAE04EC0-301F-11D3-BF4B-00C04F79EFBC}") = "DataExchangeTester", "DataExchangeTester\DataExchangeTester.csproj", "{72C8A4A9-57C3-4E19-823D-74F118BE1FDB}"
EndProject
Project("{FAE04EC0-301F-11D3-BF4B-00C04F79EFBC}") = "DataExchangeInterfaces", "DataExchangeInterfaces\DataExchangeInterfaces.csproj", "{96CD781B-E00E-4B27-B54E-DB7D632DE2EF}"
EndProject
Project("{FAE04EC0-301F-11D3-BF4B-00C04F79EFBC}") = "testParameters", "testParameters\testParameters.csproj", "{7333923F-0DDE-4A2C-8D82-94899055371D}"
EndProject
Project("{FAE04EC0-301F-11D3-BF4B-00C04F79EFBC}") = "ModelBindingSimple", "ModelBindingSimple\ModelBindingSimple.csproj", "{456F57CA-33F5-4EB5-B16D-A80D415455C4}"
EndProject
Global
	GlobalSection(SolutionConfigurationPlatforms) = preSolution
		Debug|x86 = Debug|x86
		Release|x86 = Release|x86
	EndGlobalSection
	GlobalSection(ProjectConfigurationPlatforms) = postSolution
		{91ED20E5-6D04-47DB-B275-515132BAD862}.Debug|x86.ActiveCfg = Debug|x86
		{91ED20E5-6D04-47DB-B275-515132BAD862}.Debug|x86.Build.0 = Debug|x86
		{91ED20E5-6D04-47DB-B275-515132BAD862}.Release|x86.ActiveCfg = Release|x86
		{91ED20E5-6D04-47DB-B275-515132BAD862}.Release|x86.Build.0 = Release|x86
		{FD07D62A-A753-4F3D-8195-59F78BE85059}.Debug|x86.ActiveCfg = Debug|x86
		{FD07D62A-A753-4F3D-8195-59F78BE85059}.Debug|x86.Build.0 = Debug|x86
		{FD07D62A-A753-4F3D-8195-59F78BE85059}.Release|x86.ActiveCfg = Release|x86
		{FD07D62A-A753-4F3D-8195-59F78BE85059}.Release|x86.Build.0 = Release|x86
		{04E9ADD7-EC4F-40B8-AB58-1964CF2E1367}.Debug|x86.ActiveCfg = Debug|x86
		{04E9ADD7-EC4F-40B8-AB58-1964CF2E1367}.Debug|x86.Build.0 = Debug|x86
		{04E9ADD7-EC4F-40B8-AB58-1964CF2E1367}.Release|x86.ActiveCfg = Release|x86
		{04E9ADD7-EC4F-40B8-AB58-1964CF2E1367}.Release|x86.Build.0 = Release|x86
		{1592D3E1-60D8-4816-B027-155C6C7F0D49}.Debug|x86.ActiveCfg = Debug|x86
		{1592D3E1-60D8-4816-B027-155C6C7F0D49}.Debug|x86.Build.0 = Debug|x86
		{1592D3E1-60D8-4816-B027-155C6C7F0D49}.Release|x86.ActiveCfg = Release|x86
		{1592D3E1-60D8-4816-B027-155C6C7F0D49}.Release|x86.Build.0 = Release|x86
		{8A3F4554-65F4-4AD6-A460-9E508E84EBF4}.Debug|x86.ActiveCfg = Debug|x86
		{8A3F4554-65F4-4AD6-A460-9E508E84EBF4}.Debug|x86.Build.0 = Debug|x86
		{8A3F4554-65F4-4AD6-A460-9E508E84EBF4}.Release|x86.ActiveCfg = Release|x86
		{8A3F4554-65F4-4AD6-A460-9E508E84EBF4}.Release|x86.Build.0 = Release|x86
		{72C8A4A9-57C3-4E19-823D-74F118BE1FDB}.Debug|x86.ActiveCfg = Debug|x86
		{72C8A4A9-57C3-4E19-823D-74F118BE1FDB}.Debug|x86.Build.0 = Debug|x86
		{72C8A4A9-57C3-4E19-823D-74F118BE1FDB}.Release|x86.ActiveCfg = Release|x86
		{72C8A4A9-57C3-4E19-823D-74F118BE1FDB}.Release|x86.Build.0 = Release|x86
		{96CD781B-E00E-4B27-B54E-DB7D632DE2EF}.Debug|x86.ActiveCfg = Debug|x86
		{96CD781B-E00E-4B27-B54E-DB7D632DE2EF}.Debug|x86.Build.0 = Debug|x86
		{96CD781B-E00E-4B27-B54E-DB7D632DE2EF}.Release|x86.ActiveCfg = Release|x86
		{96CD781B-E00E-4B27-B54E-DB7D632DE2EF}.Release|x86.Build.0 = Release|x86
		{7333923F-0DDE-4A2C-8D82-94899055371D}.Debug|x86.ActiveCfg = Debug|x86
		{7333923F-0DDE-4A2C-8D82-94899055371D}.Debug|x86.Build.0 = Debug|x86
		{7333923F-0DDE-4A2C-8D82-94899055371D}.Release|x86.ActiveCfg = Release|x86
		{7333923F-0DDE-4A2C-8D82-94899055371D}.Release|x86.Build.0 = Release|x86
		{456F57CA-33F5-4EB5-B16D-A80D415455C4}.Debug|x86.ActiveCfg = Debug|x86
		{456F57CA-33F5-4EB5-B16D-A80D415455C4}.Debug|x86.Build.0 = Debug|x86
		{456F57CA-33F5-4EB5-B16D-A80D415455C4}.Release|x86.ActiveCfg = Release|x86
		{456F57CA-33F5-4EB5-B16D-A80D415455C4}.Release|x86.Build.0 = Release|x86
	EndGlobalSection
	GlobalSection(MonoDevelopProperties) = preSolution
		StartupItem = DotLiquidExtends\DotLiquidExtends.csproj
	EndGlobalSection
EndGlobal
